Microsoft Visual Studio Solution File, Format Version 12.00
# Visual Studio Version 17
VisualStudioVersion = 17.8.34330.188
MinimumVisualStudioVersion = 10.0.40219.1
Project("{9A19103F-16F7-4668-BE54-9A1E7A4F7556}") = "Unreal.ClassConstructor", "Unreal.ClassConstructor\Unreal.ClassConstructor.csproj", "{D07A1774-3818-4221-AE5F-0692963AB168}"
EndProject
Project("{9A19103F-16F7-4668-BE54-9A1E7A4F7556}") = "SharedScans.Interfaces", "include\SharedScans\SharedScans.Interfaces\SharedScans.Interfaces.csproj", "{82B500A3-E828-463D-AB36-13C6A24E6F54}"
EndProject
Project("{FAE04EC0-301F-11D3-BF4B-00C04F79EFBC}") = "Unreal.ClassConstructor.Interfaces", "Unreal.ClassConstructor.Interfaces\Unreal.ClassConstructor.Interfaces.csproj", "{9B0DAC88-341E-439B-9ADD-BED7B18B1208}"
EndProject
Global
	GlobalSection(SolutionConfigurationPlatforms) = preSolution
		Debug|Any CPU = Debug|Any CPU
		Release|Any CPU = Release|Any CPU
	EndGlobalSection
	GlobalSection(ProjectConfigurationPlatforms) = postSolution
		{D07A1774-3818-4221-AE5F-0692963AB168}.Debug|Any CPU.ActiveCfg = Debug|Any CPU
		{D07A1774-3818-4221-AE5F-0692963AB168}.Debug|Any CPU.Build.0 = Debug|Any CPU
		{D07A1774-3818-4221-AE5F-0692963AB168}.Release|Any CPU.ActiveCfg = Release|Any CPU
		{D07A1774-3818-4221-AE5F-0692963AB168}.Release|Any CPU.Build.0 = Release|Any CPU
		{82B500A3-E828-463D-AB36-13C6A24E6F54}.Debug|Any CPU.ActiveCfg = Debug|Any CPU
		{82B500A3-E828-463D-AB36-13C6A24E6F54}.Debug|Any CPU.Build.0 = Debug|Any CPU
		{82B500A3-E828-463D-AB36-13C6A24E6F54}.Release|Any CPU.ActiveCfg = Release|Any CPU
		{82B500A3-E828-463D-AB36-13C6A24E6F54}.Release|Any CPU.Build.0 = Release|Any CPU
		{9B0DAC88-341E-439B-9ADD-BED7B18B1208}.Debug|Any CPU.ActiveCfg = Debug|Any CPU
		{9B0DAC88-341E-439B-9ADD-BED7B18B1208}.Debug|Any CPU.Build.0 = Debug|Any CPU
		{9B0DAC88-341E-439B-9ADD-BED7B18B1208}.Release|Any CPU.ActiveCfg = Release|Any CPU
		{9B0DAC88-341E-439B-9ADD-BED7B18B1208}.Release|Any CPU.Build.0 = Release|Any CPU
	EndGlobalSection
	GlobalSection(SolutionProperties) = preSolution
		HideSolutionNode = FALSE
	EndGlobalSection
	GlobalSection(ExtensibilityGlobals) = postSolution
		SolutionGuid = {94655E1D-5C66-48D6-ACFB-D03D46D8C8E3}
	EndGlobalSection
EndGlobal
